// !$*UTF8*$!
{
	archiveVersion = 1;
	classes = {
	};
	objectVersion = 77;
	objects = {

/* Begin PBXBuildFile section */
		900A97ABFED705E9E2FAD711 /* Pods_SurpriseApp.framework in Frameworks */ = {isa = PBXBuildFile; fileRef = 5E37B3F02CD9296E2CE7C908 /* Pods_SurpriseApp.framework */; };
		A72CB83355280D81522ADD39 /* Pods_SurpriseAppTests.framework in Frameworks */ = {isa = PBXBuildFile; fileRef = 7E71485E21F826D41B68F3A8 /* Pods_SurpriseAppTests.framework */; };
		D5205D322FABD02500337A80 /* WidgetKit.framework in Frameworks */ = {isa = PBXBuildFile; fileRef = D5205D312FABD02400337A80 /* WidgetKit.framework */; };
		D5205D342FABD02500337A80 /* SwiftUI.framework in Frameworks */ = {isa = PBXBuildFile; fileRef = D5205D332FABD02500337A80 /* SwiftUI.framework */; };
		D5205D432FABD02500337A80 /* SurpriseWidgetExtension.appex in Embed Foundation Extensions */ = {isa = PBXBuildFile; fileRef = D5205D302FABD02400337A80 /* SurpriseWidgetExtension.appex */; settings = {ATTRIBUTES = (RemoveHeadersOnCopy, ); }; };
		D5205D4C2FABD2DC00337A80 /* WidgetKit.framework in Frameworks */ = {isa = PBXBuildFile; fileRef = D5205D312FABD02400337A80 /* WidgetKit.framework */; };
/* End PBXBuildFile section */

/* Begin PBXContainerItemProxy section */
		D5205D412FABD02500337A80 /* PBXContainerItemProxy */ = {
			isa = PBXContainerItemProxy;
			containerPortal = D51D0B6E2F214C4400F7D69E /* Project object */;
			proxyType = 1;
			remoteGlobalIDString = D5205D2F2FABD02400337A80;
			remoteInfo = SurpriseWidgetExtension;
		};
		D5C81DC72FB22DDF00BEBE91 /* PBXContainerItemProxy */ = {
			isa = PBXContainerItemProxy;
			containerPortal = D51D0B6E2F214C4400F7D69E /* Project object */;
			proxyType = 1;
			remoteGlobalIDString = D51D0B752F214C4400F7D69E;
			remoteInfo = SurpriseApp;
		};
/* End PBXContainerItemProxy section */

/* Begin PBXCopyFilesBuildPhase section */
		D5205D482FABD02500337A80 /* Embed Foundation Extensions */ = {
			isa = PBXCopyFilesBuildPhase;
			buildActionMask = 2147483647;
			dstPath = "";
			dstSubfolderSpec = 13;
			files = (
				D5205D432FABD02500337A80 /* SurpriseWidgetExtension.appex in Embed Foundation Extensions */,
			);
			name = "Embed Foundation Extensions";
			runOnlyForDeploymentPostprocessing = 0;
		};
/* End PBXCopyFilesBuildPhase section */

/* Begin PBXFileReference section */
		10BA8398D3D3B9784BEE305A /* Pods-SurpriseApp.debug.xcconfig */ = {isa = PBXFileReference; includeInIndex = 1; lastKnownFileType = text.xcconfig; name = "Pods-SurpriseApp.debug.xcconfig"; path = "Target Support Files/Pods-SurpriseApp/Pods-SurpriseApp.debug.xcconfig"; sourceTree = "<group>"; };
		190166763F5BBBF3C843CB97 /* Pods-SurpriseApp.release.xcconfig */ = {isa = PBXFileReference; includeInIndex = 1; lastKnownFileType = text.xcconfig; name = "Pods-SurpriseApp.release.xcconfig"; path = "Target Support Files/Pods-SurpriseApp/Pods-SurpriseApp.release.xcconfig"; sourceTree = "<group>"; };
		25D80AAE09AD4492718844F9 /* Pods-SurpriseAppTests.debug.xcconfig */ = {isa = PBXFileReference; includeInIndex = 1; lastKnownFileType = text.xcconfig; name = "Pods-SurpriseAppTests.debug.xcconfig"; path = "Target Support Files/Pods-SurpriseAppTests/Pods-SurpriseAppTests.debug.xcconfig"; sourceTree = "<group>"; };
		5E37B3F02CD9296E2CE7C908 /* Pods_SurpriseApp.framework */ = {isa = PBXFileReference; explicitFileType = wrapper.framework; includeInIndex = 0; path = Pods_SurpriseApp.framework; sourceTree = BUILT_PRODUCTS_DIR; };
		7E71485E21F826D41B68F3A8 /* Pods_SurpriseAppTests.framework */ = {isa = PBXFileReference; explicitFileType = wrapper.framework; includeInIndex = 0; path = Pods_SurpriseAppTests.framework; sourceTree = BUILT_PRODUCTS_DIR; };
		9F0C0F98B0AA74375400459B /* Pods-SurpriseAppTests.release.xcconfig */ = {isa = PBXFileReference; includeInIndex = 1; lastKnownFileType = text.xcconfig; name = "Pods-SurpriseAppTests.release.xcconfig"; path = "Target Support Files/Pods-SurpriseAppTests/Pods-SurpriseAppTests.release.xcconfig"; sourceTree = "<group>"; };
		D51D0B762F214C4400F7D69E /* SurpriseApp.app */ = {isa = PBXFileReference; explicitFileType = wrapper.application; includeInIndex = 0; path = SurpriseApp.app; sourceTree = BUILT_PRODUCTS_DIR; };
		D5205D302FABD02400337A80 /* SurpriseWidgetExtension.appex */ = {isa = PBXFileReference; explicitFileType = "wrapper.app-extension"; includeInIndex = 0; path = SurpriseWidgetExtension.appex; sourceTree = BUILT_PRODUCTS_DIR; };
		D5205D312FABD02400337A80 /* WidgetKit.framework */ = {isa = PBXFileReference; lastKnownFileType = wrapper.framework; name = WidgetKit.framework; path = System/Library/Frameworks/WidgetKit.framework; sourceTree = SDKROOT; };
		D5205D332FABD02500337A80 /* SwiftUI.framework */ = {isa = PBXFileReference; lastKnownFileType = wrapper.framework; name = SwiftUI.framework; path = System/Library/Frameworks/SwiftUI.framework; sourceTree = SDKROOT; };
		D5205D492FABD05F00337A80 /* SurpriseWidgetExtensionDebug.entitlements */ = {isa = PBXFileReference; lastKnownFileType = text.plist.entitlements; path = SurpriseWidgetExtensionDebug.entitlements; sourceTree = "<group>"; };
		D5C81DC32FB22DDF00BEBE91 /* SurpriseAppTests.xctest */ = {isa = PBXFileReference; explicitFileType = wrapper.cfbundle; includeInIndex = 0; path = SurpriseAppTests.xctest; sourceTree = BUILT_PRODUCTS_DIR; };
		D5FA0EBB2FACD3AF002CA83A /* SurpriseWidgetExtension.entitlements */ = {isa = PBXFileReference; lastKnownFileType = text.plist.entitlements; path = SurpriseWidgetExtension.entitlements; sourceTree = "<group>"; };
/* End PBXFileReference section */

/* Begin PBXFileSystemSynchronizedBuildFileExceptionSet section */
		D5205D472FABD02500337A80 /* Exceptions for "SurpriseWidget" folder in "SurpriseWidgetExtension" target */ = {
			isa = PBXFileSystemSynchronizedBuildFileExceptionSet;
			membershipExceptions = (
				Info.plist,
			);
			target = D5205D2F2FABD02400337A80 /* SurpriseWidgetExtension */;
		};
		D553E7572F2E4EEC00E8EDA5 /* Exceptions for "SurpriseApp" folder in "SurpriseApp" target */ = {
			isa = PBXFileSystemSynchronizedBuildFileExceptionSet;
			membershipExceptions = (
				Application/Info.plist,
			);
			target = D51D0B752F214C4400F7D69E /* SurpriseApp */;
		};
/* End PBXFileSystemSynchronizedBuildFileExceptionSet section */

/* Begin PBXFileSystemSynchronizedRootGroup section */
		D51D0B782F214C4400F7D69E /* SurpriseApp */ = {
			isa = PBXFileSystemSynchronizedRootGroup;
			exceptions = (
				D553E7572F2E4EEC00E8EDA5 /* Exceptions for "SurpriseApp" folder in "SurpriseApp" target */,
			);
			path = SurpriseApp;
			sourceTree = "<group>";
		};
		D5205D352FABD02500337A80 /* SurpriseWidget */ = {
			isa = PBXFileSystemSynchronizedRootGroup;
			exceptions = (
				D5205D472FABD02500337A80 /* Exceptions for "SurpriseWidget" folder in "SurpriseWidgetExtension" target */,
			);
			path = SurpriseWidget;
			sourceTree = "<group>";
		};
		D5C81DC42FB22DDF00BEBE91 /* SurpriseAppTests */ = {
			isa = PBXFileSystemSynchronizedRootGroup;
			path = SurpriseAppTests;
			sourceTree = "<group>";
		};
/* End PBXFileSystemSynchronizedRootGroup section */

/* Begin PBXFrameworksBuildPhase section */
		D51D0B732F214C4400F7D69E /* Frameworks */ = {
			isa = PBXFrameworksBuildPhase;
			buildActionMask = 2147483647;
			files = (
				900A97ABFED705E9E2FAD711 /* Pods_SurpriseApp.framework in Frameworks */,
				D5205D4C2FABD2DC00337A80 /* WidgetKit.framework in Frameworks */,
			);
			runOnlyForDeploymentPostprocessing = 0;
		};
		D5205D2D2FABD02400337A80 /* Frameworks */ = {
			isa = PBXFrameworksBuildPhase;
			buildActionMask = 2147483647;
			files = (
				D5205D342FABD02500337A80 /* SwiftUI.framework in Frameworks */,
				D5205D322FABD02500337A80 /* WidgetKit.framework in Frameworks */,
			);
			runOnlyForDeploymentPostprocessing = 0;
		};
		D5C81DC02FB22DDF00BEBE91 /* Frameworks */ = {
			isa = PBXFrameworksBuildPhase;
			buildActionMask = 2147483647;
			files = (
				A72CB83355280D81522ADD39 /* Pods_SurpriseAppTests.framework in Frameworks */,
			);
			runOnlyForDeploymentPostprocessing = 0;
		};
/* End PBXFrameworksBuildPhase section */

/* Begin PBXGroup section */
		3311FAE387A851231762F49B /* Pods */ = {
			isa = PBXGroup;
			children = (
				10BA8398D3D3B9784BEE305A /* Pods-SurpriseApp.debug.xcconfig */,
				190166763F5BBBF3C843CB97 /* Pods-SurpriseApp.release.xcconfig */,
				25D80AAE09AD4492718844F9 /* Pods-SurpriseAppTests.debug.xcconfig */,
				9F0C0F98B0AA74375400459B /* Pods-SurpriseAppTests.release.xcconfig */,
			);
			path = Pods;
			sourceTree = "<group>";
		};
		D51D0B6D2F214C4400F7D69E = {
			isa = PBXGroup;
			children = (
				D5FA0EBB2FACD3AF002CA83A /* SurpriseWidgetExtension.entitlements */,
				D5205D492FABD05F00337A80 /* SurpriseWidgetExtensionDebug.entitlements */,
				D51D0B782F214C4400F7D69E /* SurpriseApp */,
				D5205D352FABD02500337A80 /* SurpriseWidget */,
				D5C81DC42FB22DDF00BEBE91 /* SurpriseAppTests */,
				D51D0B772F214C4400F7D69E /* Products */,
				3311FAE387A851231762F49B /* Pods */,
				F047A0EEC9FAB45B298D635E /* Frameworks */,
			);
			sourceTree = "<group>";
		};
		D51D0B772F214C4400F7D69E /* Products */ = {
			isa = PBXGroup;
			children = (
				D51D0B762F214C4400F7D69E /* SurpriseApp.app */,
				D5205D302FABD02400337A80 /* SurpriseWidgetExtension.appex */,
				D5C81DC32FB22DDF00BEBE91 /* SurpriseAppTests.xctest */,
			);
			name = Products;
			sourceTree = "<group>";
		};
		F047A0EEC9FAB45B298D635E /* Frameworks */ = {
			isa = PBXGroup;
			children = (
				5E37B3F02CD9296E2CE7C908 /* Pods_SurpriseApp.framework */,
				D5205D312FABD02400337A80 /* WidgetKit.framework */,
				D5205D332FABD02500337A80 /* SwiftUI.framework */,
				7E71485E21F826D41B68F3A8 /* Pods_SurpriseAppTests.framework */,
			);
			name = Frameworks;
			sourceTree = "<group>";
		};
/* End PBXGroup section */

/* Begin PBXNativeTarget section */
		D51D0B752F214C4400F7D69E /* SurpriseApp */ = {
			isa = PBXNativeTarget;
			buildConfigurationList = D51D0B892F214C4600F7D69E /* Build configuration list for PBXNativeTarget "SurpriseApp" */;
			buildPhases = (
				F59F1F0A4C7988DD3088D742 /* [CP] Check Pods Manifest.lock */,
				D51D0B722F214C4400F7D69E /* Sources */,
				D51D0B732F214C4400F7D69E /* Frameworks */,
				D51D0B742F214C4400F7D69E /* Resources */,
				D5205D482FABD02500337A80 /* Embed Foundation Extensions */,
			);
			buildRules = (
			);
			dependencies = (
				D5205D422FABD02500337A80 /* PBXTargetDependency */,
			);
			fileSystemSynchronizedGroups = (
				D51D0B782F214C4400F7D69E /* SurpriseApp */,
			);
			name = SurpriseApp;
			productName = surprise;
			productReference = D51D0B762F214C4400F7D69E /* SurpriseApp.app */;
			productType = "com.apple.product-type.application";
		};
		D5205D2F2FABD02400337A80 /* SurpriseWidgetExtension */ = {
			isa = PBXNativeTarget;
			buildConfigurationList = D5205D442FABD02500337A80 /* Build configuration list for PBXNativeTarget "SurpriseWidgetExtension" */;
			buildPhases = (
				D5205D2C2FABD02400337A80 /* Sources */,
				D5205D2D2FABD02400337A80 /* Frameworks */,
				D5205D2E2FABD02400337A80 /* Resources */,
			);
			buildRules = (
			);
			dependencies = (
			);
			fileSystemSynchronizedGroups = (
				D5205D352FABD02500337A80 /* SurpriseWidget */,
			);
			name = SurpriseWidgetExtension;
			productName = SurpriseWidgetExtension;
			productReference = D5205D302FABD02400337A80 /* SurpriseWidgetExtension.appex */;
			productType = "com.apple.product-type.app-extension";
		};
		D5C81DC22FB22DDF00BEBE91 /* SurpriseAppTests */ = {
			isa = PBXNativeTarget;
			buildConfigurationList = D5C81DCB2FB22DDF00BEBE91 /* Build configuration list for PBXNativeTarget "SurpriseAppTests" */;
			buildPhases = (
				76ACC7C61DD1AFEEE2E40AD5 /* [CP] Check Pods Manifest.lock */,
				D5C81DBF2FB22DDF00BEBE91 /* Sources */,
				D5C81DC02FB22DDF00BEBE91 /* Frameworks */,
				D5C81DC12FB22DDF00BEBE91 /* Resources */,
			);
			buildRules = (
			);
			dependencies = (
				D5C81DC82FB22DDF00BEBE91 /* PBXTargetDependency */,
			);
			fileSystemSynchronizedGroups = (
				D5C81DC42FB22DDF00BEBE91 /* SurpriseAppTests */,
			);
			name = SurpriseAppTests;
			productName = SurpriseAppTests;
			productReference = D5C81DC32FB22DDF00BEBE91 /* SurpriseAppTests.xctest */;
			productType = "com.apple.product-type.bundle.unit-test";
		};
/* End PBXNativeTarget section */

/* Begin PBXProject section */
		D51D0B6E2F214C4400F7D69E /* Project object */ = {
			isa = PBXProject;
			attributes = {
				BuildIndependentTargetsInParallel = 1;
				LastSwiftUpdateCheck = 2610;
				LastUpgradeCheck = 2610;
				TargetAttributes = {
					D51D0B752F214C4400F7D69E = {
						CreatedOnToolsVersion = 26.1;
					};
					D5205D2F2FABD02400337A80 = {
						CreatedOnToolsVersion = 26.1;
					};
					D5C81DC22FB22DDF00BEBE91 = {
						CreatedOnToolsVersion = 26.1;
						TestTargetID = D51D0B752F214C4400F7D69E;
					};
				};
			};
			buildConfigurationList = D51D0B712F214C4400F7D69E /* Build configuration list for PBXProject "SurpriseApp" */;
			developmentRegion = en;
			hasScannedForEncodings = 0;
			knownRegions = (
				en,
				Base,
			);
			mainGroup = D51D0B6D2F214C4400F7D69E;
			minimizedProjectReferenceProxies = 1;
			preferredProjectObjectVersion = 77;
			productRefGroup = D51D0B772F214C4400F7D69E /* Products */;
			projectDirPath = "";
			projectRoot = "";
			targets = (
				D51D0B752F214C4400F7D69E /* SurpriseApp */,
				D5205D2F2FABD02400337A80 /* SurpriseWidgetExtension */,
				D5C81DC22FB22DDF00BEBE91 /* SurpriseAppTests */,
			);
		};
/* End PBXProject section */

/* Begin PBXResourcesBuildPhase section */
		D51D0B742F214C4400F7D69E /* Resources */ = {
			isa = PBXResourcesBuildPhase;
			buildActionMask = 2147483647;
			files = (
			);
			runOnlyForDeploymentPostprocessing = 0;
		};
		D5205D2E2FABD02400337A80 /* Resources */ = {
			isa = PBXResourcesBuildPhase;
			buildActionMask = 2147483647;
			files = (
			);
			runOnlyForDeploymentPostprocessing = 0;
		};
		D5C81DC12FB22DDF00BEBE91 /* Resources */ = {
			isa = PBXResourcesBuildPhase;
			buildActionMask = 2147483647;
			files = (
			);
			runOnlyForDeploymentPostprocessing = 0;
		};
/* End PBXResourcesBuildPhase section */

/* Begin PBXShellScriptBuildPhase section */
		76ACC7C61DD1AFEEE2E40AD5 /* [CP] Check Pods Manifest.lock */ = {
			isa = PBXShellScriptBuildPhase;
			buildActionMask = 2147483647;
			files = (
			);
			inputFileListPaths = (
			);
			inputPaths = (
				"${PODS_PODFILE_DIR_PATH}/Podfile.lock",
				"${PODS_ROOT}/Manifest.lock",
			);
			name = "[CP] Check Pods Manifest.lock";
			outputFileListPaths = (
			);
			outputPaths = (
				"$(DERIVED_FILE_DIR)/Pods-SurpriseAppTests-checkManifestLockResult.txt",
			);
			runOnlyForDeploymentPostprocessing = 0;
			shellPath = /bin/sh;
			shellScript = "diff \"${PODS_PODFILE_DIR_PATH}/Podfile.lock\" \"${PODS_ROOT}/Manifest.lock\" > /dev/null\nif [ $? != 0 ] ; then\n    # print error to STDERR\n    echo \"error: The sandbox is not in sync with the Podfile.lock. Run 'pod install' or update your CocoaPods installation.\" >&2\n    exit 1\nfi\n# This output is used by Xcode 'outputs' to avoid re-running this script phase.\necho \"SUCCESS\" > \"${SCRIPT_OUTPUT_FILE_0}\"\n";
			showEnvVarsInLog = 0;
		};
		F59F1F0A4C7988DD3088D742 /* [CP] Check Pods Manifest.lock */ = {
			isa = PBXShellScriptBuildPhase;
			buildActionMask = 2147483647;
			files = (
			);
			inputFileListPaths = (
			);
			inputPaths = (
				"${PODS_PODFILE_DIR_PATH}/Podfile.lock",
				"${PODS_ROOT}/Manifest.lock",
			);
			name = "[CP] Check Pods Manifest.lock";
			outputFileListPaths = (
			);
			outputPaths = (
				"$(DERIVED_FILE_DIR)/Pods-SurpriseApp-checkManifestLockResult.txt",
			);
			runOnlyForDeploymentPostprocessing = 0;
			shellPath = /bin/sh;
			shellScript = "diff \"${PODS_PODFILE_DIR_PATH}/Podfile.lock\" \"${PODS_ROOT}/Manifest.lock\" > /dev/null\nif [ $? != 0 ] ; then\n    # print error to STDERR\n    echo \"error: The sandbox is not in sync with the Podfile.lock. Run 'pod install' or update your CocoaPods installation.\" >&2\n    exit 1\nfi\n# This output is used by Xcode 'outputs' to avoid re-running this script phase.\necho \"SUCCESS\" > \"${SCRIPT_OUTPUT_FILE_0}\"\n";
			showEnvVarsInLog = 0;
		};
/* End PBXShellScriptBuildPhase section */

/* Begin PBXSourcesBuildPhase section */
		D51D0B722F214C4400F7D69E /* Sources */ = {
			isa = PBXSourcesBuildPhase;
			buildActionMask = 2147483647;
			files = (
			);
			runOnlyForDeploymentPostprocessing = 0;
		};
		D5205D2C2FABD02400337A80 /* Sources */ = {
			isa = PBXSourcesBuildPhase;
			buildActionMask = 2147483647;
			files = (
			);
			runOnlyForDeploymentPostprocessing = 0;
		};
		D5C81DBF2FB22DDF00BEBE91 /* Sources */ = {
			isa = PBXSourcesBuildPhase;
			buildActionMask = 2147483647;
			files = (
			);
			runOnlyForDeploymentPostprocessing = 0;
		};
/* End PBXSourcesBuildPhase section */

/* Begin PBXTargetDependency section */
		D5205D422FABD02500337A80 /* PBXTargetDependency */ = {
			isa = PBXTargetDependency;
			target = D5205D2F2FABD02400337A80 /* SurpriseWidgetExtension */;
			targetProxy = D5205D412FABD02500337A80 /* PBXContainerItemProxy */;
		};
		D5C81DC82FB22DDF00BEBE91 /* PBXTargetDependency */ = {
			isa = PBXTargetDependency;
			target = D51D0B752F214C4400F7D69E /* SurpriseApp */;
			targetProxy = D5C81DC72FB22DDF00BEBE91 /* PBXContainerItemProxy */;
		};
/* End PBXTargetDependency section */

/* Begin XCBuildConfiguration section */
		D51D0B8A2F214C4600F7D69E /* Debug */ = {
			isa = XCBuildConfiguration;
			baseConfigurationReference = 10BA8398D3D3B9784BEE305A /* Pods-SurpriseApp.debug.xcconfig */;
			buildSettings = {
				ASSETCATALOG_COMPILER_APPICON_NAME = AppIcon;
				ASSETCATALOG_COMPILER_GLOBAL_ACCENT_COLOR_NAME = AccentColor;
				CODE_SIGN_ENTITLEMENTS = SurpriseApp/SurpriseAppDebug.entitlements;
				CODE_SIGN_STYLE = Automatic;
				CURRENT_PROJECT_VERSION = 16;
				DEVELOPMENT_TEAM = 8XRN4B69W4;
				GENERATE_INFOPLIST_FILE = YES;
				INFOPLIST_FILE = SurpriseApp/Application/Info.plist;
				INFOPLIST_KEY_CFBundleDisplayName = "Surprise App";
				INFOPLIST_KEY_LSApplicationCategoryType = "public.app-category.shopping";
				INFOPLIST_KEY_UIApplicationSupportsIndirectInputEvents = YES;
				INFOPLIST_KEY_UIStatusBarStyle = "";
				INFOPLIST_KEY_UISupportedInterfaceOrientations = UIInterfaceOrientationPortrait;
				IPHONEOS_DEPLOYMENT_TARGET = 18.6;
				LD_RUNPATH_SEARCH_PATHS = (
					"$(inherited)",
					"@executable_path/Frameworks",
				);
				MARKETING_VERSION = 1.1;
				PRODUCT_BUNDLE_IDENTIFIER = hse.surprise;
				PRODUCT_NAME = "$(TARGET_NAME)";
				STRING_CATALOG_GENERATE_SYMBOLS = YES;
				SUPPORTED_PLATFORMS = "iphoneos iphonesimulator";
				SUPPORTS_MACCATALYST = NO;
				SUPPORTS_MAC_DESIGNED_FOR_IPHONE_IPAD = NO;
				SUPPORTS_XR_DESIGNED_FOR_IPHONE_IPAD = NO;
				SWIFT_APPROACHABLE_CONCURRENCY = YES;
				SWIFT_DEFAULT_ACTOR_ISOLATION = MainActor;
				SWIFT_EMIT_LOC_STRINGS = YES;
				SWIFT_UPCOMING_FEATURE_MEMBER_IMPORT_VISIBILITY = YES;
				SWIFT_VERSION = 5.0;
				TARGETED_DEVICE_FAMILY = 1;
			};
			name = Debug;
		};
		D51D0B8B2F214C4600F7D69E /* Release */ = {
			isa = XCBuildConfiguration;
			baseConfigurationReference = 190166763F5BBBF3C843CB97 /* Pods-SurpriseApp.release.xcconfig */;
			buildSettings = {
				ASSETCATALOG_COMPILER_APPICON_NAME = AppIcon;
				ASSETCATALOG_COMPILER_GLOBAL_ACCENT_COLOR_NAME = AccentColor;
				CODE_SIGN_ENTITLEMENTS = SurpriseApp/SurpriseApp.entitlements;
				CODE_SIGN_STYLE = Automatic;
				CURRENT_PROJECT_VERSION = 16;
				DEVELOPMENT_TEAM = 8XRN4B69W4;
				GENERATE_INFOPLIST_FILE = YES;
				INFOPLIST_FILE = SurpriseApp/Application/Info.plist;
				INFOPLIST_KEY_CFBundleDisplayName = "Surprise App";
				INFOPLIST_KEY_LSApplicationCategoryType = "public.app-category.shopping";
				INFOPLIST_KEY_UIApplicationSupportsIndirectInputEvents = YES;
				INFOPLIST_KEY_UIStatusBarStyle = "";
				INFOPLIST_KEY_UISupportedInterfaceOrientations = UIInterfaceOrientationPortrait;
				IPHONEOS_DEPLOYMENT_TARGET = 18.6;
				LD_RUNPATH_SEARCH_PATHS = (
					"$(inherited)",
					"@executable_path/Frameworks",
				);
				MARKETING_VERSION = 1.1;
				PRODUCT_BUNDLE_IDENTIFIER = hse.surprise;
				PRODUCT_NAME = "$(TARGET_NAME)";
				STRING_CATALOG_GENERATE_SYMBOLS = YES;
				SUPPORTED_PLATFORMS = "iphoneos iphonesimulator";
				SUPPORTS_MACCATALYST = NO;
				SUPPORTS_MAC_DESIGNED_FOR_IPHONE_IPAD = NO;
				SUPPORTS_XR_DESIGNED_FOR_IPHONE_IPAD = NO;
				SWIFT_APPROACHABLE_CONCURRENCY = YES;
				SWIFT_DEFAULT_ACTOR_ISOLATION = MainActor;
				SWIFT_EMIT_LOC_STRINGS = YES;
				SWIFT_UPCOMING_FEATURE_MEMBER_IMPORT_VISIBILITY = YES;
				SWIFT_VERSION = 5.0;
				TARGETED_DEVICE_FAMILY = 1;
			};
			name = Release;
		};
		D51D0B8C2F214C4600F7D69E /* Debug */ = {
			isa = XCBuildConfiguration;
			buildSettings = {
				ALWAYS_SEARCH_USER_PATHS = NO;
				ASSETCATALOG_COMPILER_GENERATE_SWIFT_ASSET_SYMBOL_EXTENSIONS = YES;
				CLANG_ANALYZER_NONNULL = YES;
				CLANG_ANALYZER_NUMBER_OBJECT_CONVERSION = YES_AGGRESSIVE;
				CLANG_CXX_LANGUAGE_STANDARD = "gnu++20";
				CLANG_ENABLE_MODULES = YES;
				CLANG_ENABLE_OBJC_ARC = YES;
				CLANG_ENABLE_OBJC_WEAK = YES;
				CLANG_WARN_BLOCK_CAPTURE_AUTORELEASING = YES;
				CLANG_WARN_BOOL_CONVERSION = YES;
				CLANG_WARN_COMMA = YES;
				CLANG_WARN_CONSTANT_CONVERSION = YES;
				CLANG_WARN_DEPRECATED_OBJC_IMPLEMENTATIONS = YES;
				CLANG_WARN_DIRECT_OBJC_ISA_USAGE = YES_ERROR;
				CLANG_WARN_DOCUMENTATION_COMMENTS = YES;
				CLANG_WARN_EMPTY_BODY = YES;
				CLANG_WARN_ENUM_CONVERSION = YES;
				CLANG_WARN_INFINITE_RECURSION = YES;
				CLANG_WARN_INT_CONVERSION = YES;
				CLANG_WARN_NON_LITERAL_NULL_CONVERSION = YES;
				CLANG_WARN_OBJC_IMPLICIT_RETAIN_SELF = YES;
				CLANG_WARN_OBJC_LITERAL_CONVERSION = YES;
				CLANG_WARN_OBJC_ROOT_CLASS = YES_ERROR;
				CLANG_WARN_QUOTED_INCLUDE_IN_FRAMEWORK_HEADER = YES;
				CLANG_WARN_RANGE_LOOP_ANALYSIS = YES;
				CLANG_WARN_STRICT_PROTOTYPES = YES;
				CLANG_WARN_SUSPICIOUS_MOVE = YES;
				CLANG_WARN_UNGUARDED_AVAILABILITY = YES_AGGRESSIVE;
				CLANG_WARN_UNREACHABLE_CODE = YES;
				CLANG_WARN__DUPLICATE_METHOD_MATCH = YES;
				COPY_PHASE_STRIP = NO;
				DEBUG_INFORMATION_FORMAT = "dwarf-with-dsym";
				DEVELOPMENT_TEAM = 6B6VK78D5Q;
				ENABLE_STRICT_OBJC_MSGSEND = YES;
				ENABLE_TESTABILITY = YES;
				ENABLE_USER_SCRIPT_SANDBOXING = NO;
				GCC_C_LANGUAGE_STANDARD = gnu17;
				GCC_DYNAMIC_NO_PIC = NO;
				GCC_NO_COMMON_BLOCKS = YES;
				GCC_OPTIMIZATION_LEVEL = 0;
				GCC_PREPROCESSOR_DEFINITIONS = (
					"DEBUG=1",
					"$(inherited)",
				);
				GCC_WARN_64_TO_32_BIT_CONVERSION = YES;
				GCC_WARN_ABOUT_RETURN_TYPE = YES_ERROR;
				GCC_WARN_UNDECLARED_SELECTOR = YES;
				GCC_WARN_UNINITIALIZED_AUTOS = YES_AGGRESSIVE;
				GCC_WARN_UNUSED_FUNCTION = YES;
				GCC_WARN_UNUSED_VARIABLE = YES;
				IPHONEOS_DEPLOYMENT_TARGET = 26.1;
				LOCALIZATION_PREFERS_STRING_CATALOGS = YES;
				MTL_ENABLE_DEBUG_INFO = INCLUDE_SOURCE;
				MTL_FAST_MATH = YES;
				ONLY_ACTIVE_ARCH = YES;
				SDKROOT = iphoneos;
				SWIFT_ACTIVE_COMPILATION_CONDITIONS = "DEBUG $(inherited)";
				SWIFT_OPTIMIZATION_LEVEL = "-Onone";
			};
			name = Debug;
		};
		D51D0B8D2F214C4600F7D69E /* Release */ = {
			isa = XCBuildConfiguration;
			buildSettings = {
				ALWAYS_SEARCH_USER_PATHS = NO;
				ASSETCATALOG_COMPILER_GENERATE_SWIFT_ASSET_SYMBOL_EXTENSIONS = YES;
				CLANG_ANALYZER_NONNULL = YES;
				CLANG_ANALYZER_NUMBER_OBJECT_CONVERSION = YES_AGGRESSIVE;
				CLANG_CXX_LANGUAGE_STANDARD = "gnu++20";
				CLANG_ENABLE_MODULES = YES;
				CLANG_ENABLE_OBJC_ARC = YES;
				CLANG_ENABLE_OBJC_WEAK = YES;
				CLANG_WARN_BLOCK_CAPTURE_AUTORELEASING = YES;
				CLANG_WARN_BOOL_CONVERSION = YES;
				CLANG_WARN_COMMA = YES;
				CLANG_WARN_CONSTANT_CONVERSION = YES;
				CLANG_WARN_DEPRECATED_OBJC_IMPLEMENTATIONS = YES;
				CLANG_WARN_DIRECT_OBJC_ISA_USAGE = YES_ERROR;
				CLANG_WARN_DOCUMENTATION_COMMENTS = YES;
				CLANG_WARN_EMPTY_BODY = YES;
				CLANG_WARN_ENUM_CONVERSION = YES;
				CLANG_WARN_INFINITE_RECURSION = YES;
				CLANG_WARN_INT_CONVERSION = YES;
				CLANG_WARN_NON_LITERAL_NULL_CONVERSION = YES;
				CLANG_WARN_OBJC_IMPLICIT_RETAIN_SELF = YES;
				CLANG_WARN_OBJC_LITERAL_CONVERSION = YES;
				CLANG_WARN_OBJC_ROOT_CLASS = YES_ERROR;
				CLANG_WARN_QUOTED_INCLUDE_IN_FRAMEWORK_HEADER = YES;
				CLANG_WARN_RANGE_LOOP_ANALYSIS = YES;
				CLANG_WARN_STRICT_PROTOTYPES = YES;
				CLANG_WARN_SUSPICIOUS_MOVE = YES;
				CLANG_WARN_UNGUARDED_AVAILABILITY = YES_AGGRESSIVE;
				CLANG_WARN_UNREACHABLE_CODE = YES;
				CLANG_WARN__DUPLICATE_METHOD_MATCH = YES;
				COPY_PHASE_STRIP = NO;
				DEBUG_INFORMATION_FORMAT = "dwarf-with-dsym";
				DEVELOPMENT_TEAM = 6B6VK78D5Q;
				ENABLE_NS_ASSERTIONS = NO;
				ENABLE_STRICT_OBJC_MSGSEND = YES;
				ENABLE_USER_SCRIPT_SANDBOXING = NO;
				GCC_C_LANGUAGE_STANDARD = gnu17;
				GCC_NO_COMMON_BLOCKS = YES;
				GCC_WARN_64_TO_32_BIT_CONVERSION = YES;
				GCC_WARN_ABOUT_RETURN_TYPE = YES_ERROR;
				GCC_WARN_UNDECLARED_SELECTOR = YES;
				GCC_WARN_UNINITIALIZED_AUTOS = YES_AGGRESSIVE;
				GCC_WARN_UNUSED_FUNCTION = YES;
				GCC_WARN_UNUSED_VARIABLE = YES;
				IPHONEOS_DEPLOYMENT_TARGET = 26.1;
				LOCALIZATION_PREFERS_STRING_CATALOGS = YES;
				MTL_ENABLE_DEBUG_INFO = NO;
				MTL_FAST_MATH = YES;
				SDKROOT = iphoneos;
				SWIFT_COMPILATION_MODE = wholemodule;
				VALIDATE_PRODUCT = YES;
			};
			name = Release;
		};
		D5205D452FABD02500337A80 /* Debug */ = {
			isa = XCBuildConfiguration;
			buildSettings = {
				ASSETCATALOG_COMPILER_GLOBAL_ACCENT_COLOR_NAME = AccentColor;
				ASSETCATALOG_COMPILER_WIDGET_BACKGROUND_COLOR_NAME = WidgetBackground;
				CODE_SIGN_ENTITLEMENTS = SurpriseWidgetExtensionDebug.entitlements;
				CODE_SIGN_STYLE = Automatic;
				CURRENT_PROJECT_VERSION = 14;
				DEBUG_INFORMATION_FORMAT = dwarf;
				DEVELOPMENT_TEAM = 8XRN4B69W4;
				ENABLE_USER_SCRIPT_SANDBOXING = YES;
				GENERATE_INFOPLIST_FILE = YES;
				INFOPLIST_FILE = SurpriseWidget/Info.plist;
				INFOPLIST_KEY_CFBundleDisplayName = SurpriseWidget;
				INFOPLIST_KEY_NSHumanReadableCopyright = "";
				IPHONEOS_DEPLOYMENT_TARGET = 18.6;
				LD_RUNPATH_SEARCH_PATHS = (
					"$(inherited)",
					"@executable_path/Frameworks",
					"@executable_path/../../Frameworks",
				);
				MARKETING_VERSION = 1.0;
				PRODUCT_BUNDLE_IDENTIFIER = hse.surprise.SurpriseWidget;
				PRODUCT_NAME = "$(TARGET_NAME)";
				SKIP_INSTALL = YES;
				STRING_CATALOG_GENERATE_SYMBOLS = YES;
				SUPPORTED_PLATFORMS = "iphoneos iphonesimulator";
				SUPPORTS_MACCATALYST = NO;
				SUPPORTS_MAC_DESIGNED_FOR_IPHONE_IPAD = NO;
				SUPPORTS_XR_DESIGNED_FOR_IPHONE_IPAD = NO;
				SWIFT_APPROACHABLE_CONCURRENCY = YES;
				SWIFT_EMIT_LOC_STRINGS = YES;
				SWIFT_UPCOMING_FEATURE_MEMBER_IMPORT_VISIBILITY = YES;
				SWIFT_VERSION = 5.0;
				TARGETED_DEVICE_FAMILY = 1;
			};
			name = Debug;
		};
		D5205D462FABD02500337A80 /* Release */ = {
			isa = XCBuildConfiguration;
			buildSettings = {
				ASSETCATALOG_COMPILER_GLOBAL_ACCENT_COLOR_NAME = AccentColor;
				ASSETCATALOG_COMPILER_WIDGET_BACKGROUND_COLOR_NAME = WidgetBackground;
				CODE_SIGN_ENTITLEMENTS = SurpriseWidgetExtension.entitlements;
				CODE_SIGN_STYLE = Automatic;
				CURRENT_PROJECT_VERSION = 14;
				DEVELOPMENT_TEAM = 8XRN4B69W4;
				ENABLE_USER_SCRIPT_SANDBOXING = YES;
				GENERATE_INFOPLIST_FILE = YES;
				INFOPLIST_FILE = SurpriseWidget/Info.plist;
				INFOPLIST_KEY_CFBundleDisplayName = SurpriseWidget;
				INFOPLIST_KEY_NSHumanReadableCopyright = "";
				IPHONEOS_DEPLOYMENT_TARGET = 18.6;
				LD_RUNPATH_SEARCH_PATHS = (
					"$(inherited)",
					"@executable_path/Frameworks",
					"@executable_path/../../Frameworks",
				);
				MARKETING_VERSION = 1.0;
				PRODUCT_BUNDLE_IDENTIFIER = hse.surprise.SurpriseWidget;
				PRODUCT_NAME = "$(TARGET_NAME)";
				SKIP_INSTALL = YES;
				STRING_CATALOG_GENERATE_SYMBOLS = YES;
				SUPPORTED_PLATFORMS = "iphoneos iphonesimulator";
				SUPPORTS_MACCATALYST = NO;
				SUPPORTS_MAC_DESIGNED_FOR_IPHONE_IPAD = NO;
				SUPPORTS_XR_DESIGNED_FOR_IPHONE_IPAD = NO;
				SWIFT_APPROACHABLE_CONCURRENCY = YES;
				SWIFT_EMIT_LOC_STRINGS = YES;
				SWIFT_UPCOMING_FEATURE_MEMBER_IMPORT_VISIBILITY = YES;
				SWIFT_VERSION = 5.0;
				TARGETED_DEVICE_FAMILY = 1;
			};
			name = Release;
		};
		D5C81DC92FB22DDF00BEBE91 /* Debug */ = {
			isa = XCBuildConfiguration;
			baseConfigurationReference = 25D80AAE09AD4492718844F9 /* Pods-SurpriseAppTests.debug.xcconfig */;
			buildSettings = {
				BUNDLE_LOADER = "$(TEST_HOST)";
				CODE_SIGN_STYLE = Automatic;
				CURRENT_PROJECT_VERSION = 1;
				DEBUG_INFORMATION_FORMAT = dwarf;
				DEVELOPMENT_TEAM = 8XRN4B69W4;
				ENABLE_USER_SCRIPT_SANDBOXING = YES;
				GENERATE_INFOPLIST_FILE = YES;
				IPHONEOS_DEPLOYMENT_TARGET = 18.6;
				MARKETING_VERSION = 1.0;
				PRODUCT_BUNDLE_IDENTIFIER = hse.SurpriseAppTests;
				PRODUCT_NAME = "$(TARGET_NAME)";
				STRING_CATALOG_GENERATE_SYMBOLS = NO;
				SUPPORTED_PLATFORMS = "iphoneos iphonesimulator";
				SUPPORTS_MACCATALYST = NO;
				SUPPORTS_MAC_DESIGNED_FOR_IPHONE_IPAD = NO;
				SUPPORTS_XR_DESIGNED_FOR_IPHONE_IPAD = NO;
				SWIFT_APPROACHABLE_CONCURRENCY = YES;
				SWIFT_EMIT_LOC_STRINGS = NO;
				SWIFT_UPCOMING_FEATURE_MEMBER_IMPORT_VISIBILITY = YES;
				SWIFT_VERSION = 5.0;
				TARGETED_DEVICE_FAMILY = 1;
				TEST_HOST = "$(BUILT_PRODUCTS_DIR)/SurpriseApp.app/$(BUNDLE_EXECUTABLE_FOLDER_PATH)/SurpriseApp";
			};
			name = Debug;
		};
		D5C81DCA2FB22DDF00BEBE91 /* Release */ = {
			isa = XCBuildConfiguration;
			baseConfigurationReference = 9F0C0F98B0AA74375400459B /* Pods-SurpriseAppTests.release.xcconfig */;
			buildSettings = {
				BUNDLE_LOADER = "$(TEST_HOST)";
				CODE_SIGN_STYLE = Automatic;
				CURRENT_PROJECT_VERSION = 1;
				DEVELOPMENT_TEAM = 8XRN4B69W4;
				ENABLE_USER_SCRIPT_SANDBOXING = YES;
				GENERATE_INFOPLIST_FILE = YES;
				IPHONEOS_DEPLOYMENT_TARGET = 18.6;
				MARKETING_VERSION = 1.0;
				PRODUCT_BUNDLE_IDENTIFIER = hse.SurpriseAppTests;
				PRODUCT_NAME = "$(TARGET_NAME)";
				STRING_CATALOG_GENERATE_SYMBOLS = NO;
				SUPPORTED_PLATFORMS = "iphoneos iphonesimulator";
				SUPPORTS_MACCATALYST = NO;
				SUPPORTS_MAC_DESIGNED_FOR_IPHONE_IPAD = NO;
				SUPPORTS_XR_DESIGNED_FOR_IPHONE_IPAD = NO;
				SWIFT_APPROACHABLE_CONCURRENCY = YES;
				SWIFT_EMIT_LOC_STRINGS = NO;
				SWIFT_UPCOMING_FEATURE_MEMBER_IMPORT_VISIBILITY = YES;
				SWIFT_VERSION = 5.0;
				TARGETED_DEVICE_FAMILY = 1;
				TEST_HOST = "$(BUILT_PRODUCTS_DIR)/SurpriseApp.app/$(BUNDLE_EXECUTABLE_FOLDER_PATH)/SurpriseApp";
			};
			name = Release;
		};
/* End XCBuildConfiguration section */

/* Begin XCConfigurationList section */
		D51D0B712F214C4400F7D69E /* Build configuration list for PBXProject "SurpriseApp" */ = {
			isa = XCConfigurationList;
			buildConfigurations = (
				D51D0B8C2F214C4600F7D69E /* Debug */,
				D51D0B8D2F214C4600F7D69E /* Release */,
			);
			defaultConfigurationIsVisible = 0;
			defaultConfigurationName = Release;
		};
		D51D0B892F214C4600F7D69E /* Build configuration list for PBXNativeTarget "SurpriseApp" */ = {
			isa = XCConfigurationList;
			buildConfigurations = (
				D51D0B8A2F214C4600F7D69E /* Debug */,
				D51D0B8B2F214C4600F7D69E /* Release */,
			);
			defaultConfigurationIsVisible = 0;
			defaultConfigurationName = Release;
		};
		D5205D442FABD02500337A80 /* Build configuration list for PBXNativeTarget "SurpriseWidgetExtension" */ = {
			isa = XCConfigurationList;
			buildConfigurations = (
				D5205D452FABD02500337A80 /* Debug */,
				D5205D462FABD02500337A80 /* Release */,
			);
			defaultConfigurationIsVisible = 0;
			defaultConfigurationName = Release;
		};
		D5C81DCB2FB22DDF00BEBE91 /* Build configuration list for PBXNativeTarget "SurpriseAppTests" */ = {
			isa = XCConfigurationList;
			buildConfigurations = (
				D5C81DC92FB22DDF00BEBE91 /* Debug */,
				D5C81DCA2FB22DDF00BEBE91 /* Release */,
			);
			defaultConfigurationIsVisible = 0;
			defaultConfigurationName = Release;
		};
/* End XCConfigurationList section */
	};
	rootObject = D51D0B6E2F214C4400F7D69E /* Project object */;
}
